
Microsoft Visual Studio Solution File, Format Version 12.00
# Visual Studio Version 16
VisualStudioVersion = 16.0.30907.101
MinimumVisualStudioVersion = 10.0.40219.1
Project("{8BC9CEB8-8B4A-11D0-8D11-00A0C91BC942}") = "Прототип функции", "Прототип функции.vcxproj", "{0CD1E8D0-8E38-455C-99EC-AD5B99F6DF15}"
EndProject
Global
	GlobalSection(SolutionConfigurationPlatforms) = preSolution
		Debug|x64 = Debug|x64
		Debug|x86 = Debug|x86
		Release|x64 = Release|x64
		Release|x86 = Release|x86
	EndGlobalSection
	GlobalSection(ProjectConfigurationPlatforms) = postSolution
		{0CD1E8D0-8E38-455C-99EC-AD5B99F6DF15}.Debug|x64.ActiveCfg = Debug|x64
		{0CD1E8D0-8E38-455C-99EC-AD5B99F6DF15}.Debug|x64.Build.0 = Debug|x64
		{0CD1E8D0-8E38-455C-99EC-AD5B99F6DF15}.Debug|x86.ActiveCfg = Debug|Win32
		{0CD1E8D0-8E38-455C-99EC-AD5B99F6DF15}.Debug|x86.Build.0 = Debug|Win32
		{0CD1E8D0-8E38-455C-99EC-AD5B99F6DF15}.Release|x64.ActiveCfg = Release|x64
		{0CD1E8D0-8E38-455C-99EC-AD5B99F6DF15}.Release|x64.Build.0 = Release|x64
		{0CD1E8D0-8E38-455C-99EC-AD5B99F6DF15}.Release|x86.ActiveCfg = Release|Win32
		{0CD1E8D0-8E38-455C-99EC-AD5B99F6DF15}.Release|x86.Build.0 = Release|Win32
	EndGlobalSection
	GlobalSection(SolutionProperties) = preSolution
		HideSolutionNode = FALSE
	EndGlobalSection
	GlobalSection(ExtensibilityGlobals) = postSolution
		SolutionGuid = {4370886E-720C-446D-82AB-F10B248E28AE}
	EndGlobalSection
EndGlobal
